
Microsoft Visual Studio Solution File, Format Version 12.00
# Visual Studio Version 17
VisualStudioVersion = 17.9.34902.65
MinimumVisualStudioVersion = 10.0.40219.1
Project("{FAE04EC0-301F-11D3-BF4B-00C04F79EFBC}") = "GradeCalculator", "GradeCalculator\GradeCalculator.csproj", "{351C8B35-EF0D-4857-BE24-AC0D82E55BB4}"
EndProject
Global
	GlobalSection(SolutionConfigurationPlatforms) = preSolution
		Debug|Any CPU = Debug|Any CPU
		Release|Any CPU = Release|Any CPU
	EndGlobalSection
	GlobalSection(ProjectConfigurationPlatforms) = postSolution
		{351C8B35-EF0D-4857-BE24-AC0D82E55BB4}.Debug|Any CPU.ActiveCfg = Debug|Any CPU
		{351C8B35-EF0D-4857-BE24-AC0D82E55BB4}.Debug|Any CPU.Build.0 = Debug|Any CPU
		{351C8B35-EF0D-4857-BE24-AC0D82E55BB4}.Release|Any CPU.ActiveCfg = Release|Any CPU
		{351C8B35-EF0D-4857-BE24-AC0D82E55BB4}.Release|Any CPU.Build.0 = Release|Any CPU
	EndGlobalSection
	GlobalSection(SolutionProperties) = preSolution
		HideSolutionNode = FALSE
	EndGlobalSection
	GlobalSection(ExtensibilityGlobals) = postSolution
		SolutionGuid = {95C06662-FE8E-44DC-9ED4-8884579339D6}
	EndGlobalSection
EndGlobal
